// !$*UTF8*$!
{
	archiveVersion = 1;
	classes = {
	};
	objectVersion = 55;
	objects = {

/* Begin PBXBuildFile section */
		0631173928A02F7A009194BD /* DataService.swift in Sources */ = {isa = PBXBuildFile; fileRef = 0631173828A02F7A009194BD /* DataService.swift */; };
		0631173B28A1C2DD009194BD /* RecipeDetailView.swift in Sources */ = {isa = PBXBuildFile; fileRef = 0631173A28A1C2DD009194BD /* RecipeDetailView.swift */; };
		06F4FEE82898886000AFC6B0 /* recipe_listApp.swift in Sources */ = {isa = PBXBuildFile; fileRef = 06F4FEE72898886000AFC6B0 /* recipe_listApp.swift */; };
		06F4FEEA2898886000AFC6B0 /* ContentView.swift in Sources */ = {isa = PBXBuildFile; fileRef = 06F4FEE92898886000AFC6B0 /* ContentView.swift */; };
		06F4FEEC2898886000AFC6B0 /* Assets.xcassets in Resources */ = {isa = PBXBuildFile; fileRef = 06F4FEEB2898886000AFC6B0 /* Assets.xcassets */; };
		06F4FEEF2898886000AFC6B0 /* Preview Assets.xcassets in Resources */ = {isa = PBXBuildFile; fileRef = 06F4FEEE2898886000AFC6B0 /* Preview Assets.xcassets */; };
		06F4FEFB28988E6600AFC6B0 /* recipes.json in Resources */ = {isa = PBXBuildFile; fileRef = 06F4FEFA28988E6600AFC6B0 /* recipes.json */; };
		06F4FEFD28988F5400AFC6B0 /* Recipe.swift in Sources */ = {isa = PBXBuildFile; fileRef = 06F4FEFC28988F5400AFC6B0 /* Recipe.swift */; };
		06F4FEFF289890A300AFC6B0 /* RecipeViewModel.swift in Sources */ = {isa = PBXBuildFile; fileRef = 06F4FEFE289890A300AFC6B0 /* RecipeViewModel.swift */; };
/* End PBXBuildFile section */

/* Begin PBXFileReference section */
		0631173828A02F7A009194BD /* DataService.swift */ = {isa = PBXFileReference; lastKnownFileType = sourcecode.swift; path = DataService.swift; sourceTree = "<group>"; };
		0631173A28A1C2DD009194BD /* RecipeDetailView.swift */ = {isa = PBXFileReference; lastKnownFileType = sourcecode.swift; path = RecipeDetailView.swift; sourceTree = "<group>"; };
		06F4FEE42898886000AFC6B0 /* recipe-list.app */ = {isa = PBXFileReference; explicitFileType = wrapper.application; includeInIndex = 0; path = "recipe-list.app"; sourceTree = BUILT_PRODUCTS_DIR; };
		06F4FEE72898886000AFC6B0 /* recipe_listApp.swift */ = {isa = PBXFileReference; lastKnownFileType = sourcecode.swift; path = recipe_listApp.swift; sourceTree = "<group>"; };
		06F4FEE92898886000AFC6B0 /* ContentView.swift */ = {isa = PBXFileReference; lastKnownFileType = sourcecode.swift; path = ContentView.swift; sourceTree = "<group>"; };
		06F4FEEB2898886000AFC6B0 /* Assets.xcassets */ = {isa = PBXFileReference; lastKnownFileType = folder.assetcatalog; path = Assets.xcassets; sourceTree = "<group>"; };
		06F4FEEE2898886000AFC6B0 /* Preview Assets.xcassets */ = {isa = PBXFileReference; lastKnownFileType = folder.assetcatalog; path = "Preview Assets.xcassets"; sourceTree = "<group>"; };
		06F4FEFA28988E6600AFC6B0 /* recipes.json */ = {isa = PBXFileReference; fileEncoding = 4; lastKnownFileType = text.json; path = recipes.json; sourceTree = "<group>"; };
		06F4FEFC28988F5400AFC6B0 /* Recipe.swift */ = {isa = PBXFileReference; lastKnownFileType = sourcecode.swift; path = Recipe.swift; sourceTree = "<group>"; };
		06F4FEFE289890A300AFC6B0 /* RecipeViewModel.swift */ = {isa = PBXFileReference; lastKnownFileType = sourcecode.swift; path = RecipeViewModel.swift; sourceTree = "<group>"; };
/* End PBXFileReference section */

/* Begin PBXFrameworksBuildPhase section */
		06F4FEE12898885F00AFC6B0 /* Frameworks */ = {
			isa = PBXFrameworksBuildPhase;
			buildActionMask = 2147483647;
			files = (
			);
			runOnlyForDeploymentPostprocessing = 0;
		};
/* End PBXFrameworksBuildPhase section */

/* Begin PBXGroup section */
		06F4FEDB2898885F00AFC6B0 = {
			isa = PBXGroup;
			children = (
				06F4FEE62898886000AFC6B0 /* recipe-list */,
				06F4FEE52898886000AFC6B0 /* Products */,
			);
			sourceTree = "<group>";
		};
		06F4FEE52898886000AFC6B0 /* Products */ = {
			isa = PBXGroup;
			children = (
				06F4FEE42898886000AFC6B0 /* recipe-list.app */,
			);
			name = Products;
			sourceTree = "<group>";
		};
		06F4FEE62898886000AFC6B0 /* recipe-list */ = {
			isa = PBXGroup;
			children = (
				06F4FEE72898886000AFC6B0 /* recipe_listApp.swift */,
				06F4FEF928988DFC00AFC6B0 /* services */,
				06F4FEF828988DF000AFC6B0 /* resources */,
				06F4FEF728988DEA00AFC6B0 /* views */,
				06F4FEF628988DD800AFC6B0 /* view-models */,
				06F4FEF528988DC000AFC6B0 /* models */,
				06F4FEEB2898886000AFC6B0 /* Assets.xcassets */,
				06F4FEED2898886000AFC6B0 /* Preview Content */,
			);
			path = "recipe-list";
			sourceTree = "<group>";
		};
		06F4FEED2898886000AFC6B0 /* Preview Content */ = {
			isa = PBXGroup;
			children = (
				06F4FEEE2898886000AFC6B0 /* Preview Assets.xcassets */,
			);
			path = "Preview Content";
			sourceTree = "<group>";
		};
		06F4FEF528988DC000AFC6B0 /* models */ = {
			isa = PBXGroup;
			children = (
				06F4FEFC28988F5400AFC6B0 /* Recipe.swift */,
			);
			path = models;
			sourceTree = "<group>";
		};
		06F4FEF628988DD800AFC6B0 /* view-models */ = {
			isa = PBXGroup;
			children = (
				06F4FEFE289890A300AFC6B0 /* RecipeViewModel.swift */,
			);
			path = "view-models";
			sourceTree = "<group>";
		};
		06F4FEF728988DEA00AFC6B0 /* views */ = {
			isa = PBXGroup;
			children = (
				06F4FEE92898886000AFC6B0 /* ContentView.swift */,
				0631173A28A1C2DD009194BD /* RecipeDetailView.swift */,
			);
			path = views;
			sourceTree = "<group>";
		};
		06F4FEF828988DF000AFC6B0 /* resources */ = {
			isa = PBXGroup;
			children = (
				06F4FEFA28988E6600AFC6B0 /* recipes.json */,
			);
			path = resources;
			sourceTree = "<group>";
		};
		06F4FEF928988DFC00AFC6B0 /* services */ = {
			isa = PBXGroup;
			children = (
				0631173828A02F7A009194BD /* DataService.swift */,
			);
			path = services;
			sourceTree = "<group>";
		};
/* End PBXGroup section */

/* Begin PBXNativeTarget section */
		06F4FEE32898885F00AFC6B0 /* recipe-list */ = {
			isa = PBXNativeTarget;
			buildConfigurationList = 06F4FEF22898886000AFC6B0 /* Build configuration list for PBXNativeTarget "recipe-list" */;
			buildPhases = (
				06F4FEE02898885F00AFC6B0 /* Sources */,
				06F4FEE12898885F00AFC6B0 /* Frameworks */,
				06F4FEE22898885F00AFC6B0 /* Resources */,
			);
			buildRules = (
			);
			dependencies = (
			);
			name = "recipe-list";
			productName = "recipe-list";
			productReference = 06F4FEE42898886000AFC6B0 /* recipe-list.app */;
			productType = "com.apple.product-type.application";
		};
/* End PBXNativeTarget section */

/* Begin PBXProject section */
		06F4FEDC2898885F00AFC6B0 /* Project object */ = {
			isa = PBXProject;
			attributes = {
				BuildIndependentTargetsInParallel = 1;
				LastSwiftUpdateCheck = 1340;
				LastUpgradeCheck = 1340;
				TargetAttributes = {
					06F4FEE32898885F00AFC6B0 = {
						CreatedOnToolsVersion = 13.4.1;
					};
				};
			};
			buildConfigurationList = 06F4FEDF2898885F00AFC6B0 /* Build configuration list for PBXProject "recipe-list" */;
			compatibilityVersion = "Xcode 13.0";
			developmentRegion = en;
			hasScannedForEncodings = 0;
			knownRegions = (
				en,
				Base,
			);
			mainGroup = 06F4FEDB2898885F00AFC6B0;
			productRefGroup = 06F4FEE52898886000AFC6B0 /* Products */;
			projectDirPath = "";
			projectRoot = "";
			targets = (
				06F4FEE32898885F00AFC6B0 /* recipe-list */,
			);
		};
/* End PBXProject section */

/* Begin PBXResourcesBuildPhase section */
		06F4FEE22898885F00AFC6B0 /* Resources */ = {
			isa = PBXResourcesBuildPhase;
			buildActionMask = 2147483647;
			files = (
				06F4FEEF2898886000AFC6B0 /* Preview Assets.xcassets in Resources */,
				06F4FEFB28988E6600AFC6B0 /* recipes.json in Resources */,
				06F4FEEC2898886000AFC6B0 /* Assets.xcassets in Resources */,
			);
			runOnlyForDeploymentPostprocessing = 0;
		};
/* End PBXResourcesBuildPhase section */

/* Begin PBXSourcesBuildPhase section */
		06F4FEE02898885F00AFC6B0 /* Sources */ = {
			isa = PBXSourcesBuildPhase;
			buildActionMask = 2147483647;
			files = (
				06F4FEFD28988F5400AFC6B0 /* Recipe.swift in Sources */,
				0631173B28A1C2DD009194BD /* RecipeDetailView.swift in Sources */,
				06F4FEFF289890A300AFC6B0 /* RecipeViewModel.swift in Sources */,
				06F4FEEA2898886000AFC6B0 /* ContentView.swift in Sources */,
				06F4FEE82898886000AFC6B0 /* recipe_listApp.swift in Sources */,
				0631173928A02F7A009194BD /* DataService.swift in Sources */,
			);
			runOnlyForDeploymentPostprocessing = 0;
		};
/* End PBXSourcesBuildPhase section */

/* Begin XCBuildConfiguration section */
		06F4FEF02898886000AFC6B0 /* Debug */ = {
			isa = XCBuildConfiguration;
			buildSettings = {
				ALWAYS_SEARCH_USER_PATHS = NO;
				CLANG_ANALYZER_NONNULL = YES;
				CLANG_ANALYZER_NUMBER_OBJECT_CONVERSION = YES_AGGRESSIVE;
				CLANG_CXX_LANGUAGE_STANDARD = "gnu++17";
				CLANG_ENABLE_MODULES = YES;
				CLANG_ENABLE_OBJC_ARC = YES;
				CLANG_ENABLE_OBJC_WEAK = YES;
				CLANG_WARN_BLOCK_CAPTURE_AUTORELEASING = YES;
				CLANG_WARN_BOOL_CONVERSION = YES;
				CLANG_WARN_COMMA = YES;
				CLANG_WARN_CONSTANT_CONVERSION = YES;
				CLANG_WARN_DEPRECATED_OBJC_IMPLEMENTATIONS = YES;
				CLANG_WARN_DIRECT_OBJC_ISA_USAGE = YES_ERROR;
				CLANG_WARN_DOCUMENTATION_COMMENTS = YES;
				CLANG_WARN_EMPTY_BODY = YES;
				CLANG_WARN_ENUM_CONVERSION = YES;
				CLANG_WARN_INFINITE_RECURSION = YES;
				CLANG_WARN_INT_CONVERSION = YES;
				CLANG_WARN_NON_LITERAL_NULL_CONVERSION = YES;
				CLANG_WARN_OBJC_IMPLICIT_RETAIN_SELF = YES;
				CLANG_WARN_OBJC_LITERAL_CONVERSION = YES;
				CLANG_WARN_OBJC_ROOT_CLASS = YES_ERROR;
				CLANG_WARN_QUOTED_INCLUDE_IN_FRAMEWORK_HEADER = YES;
				CLANG_WARN_RANGE_LOOP_ANALYSIS = YES;
				CLANG_WARN_STRICT_PROTOTYPES = YES;
				CLANG_WARN_SUSPICIOUS_MOVE = YES;
				CLANG_WARN_UNGUARDED_AVAILABILITY = YES_AGGRESSIVE;
				CLANG_WARN_UNREACHABLE_CODE = YES;
				CLANG_WARN__DUPLICATE_METHOD_MATCH = YES;
				COPY_PHASE_STRIP = NO;
				DEBUG_INFORMATION_FORMAT = dwarf;
				ENABLE_STRICT_OBJC_MSGSEND = YES;
				ENABLE_TESTABILITY = YES;
				GCC_C_LANGUAGE_STANDARD = gnu11;
				GCC_DYNAMIC_NO_PIC = NO;
				GCC_NO_COMMON_BLOCKS = YES;
				GCC_OPTIMIZATION_LEVEL = 0;
				GCC_PREPROCESSOR_DEFINITIONS = (
					"DEBUG=1",
					"$(inherited)",
				);
				GCC_WARN_64_TO_32_BIT_CONVERSION = YES;
				GCC_WARN_ABOUT_RETURN_TYPE = YES_ERROR;
				GCC_WARN_UNDECLARED_SELECTOR = YES;
				GCC_WARN_UNINITIALIZED_AUTOS = YES_AGGRESSIVE;
				GCC_WARN_UNUSED_FUNCTION = YES;
				GCC_WARN_UNUSED_VARIABLE = YES;
				IPHONEOS_DEPLOYMENT_TARGET = 15.5;
				MTL_ENABLE_DEBUG_INFO = INCLUDE_SOURCE;
				MTL_FAST_MATH = YES;
				ONLY_ACTIVE_ARCH = YES;
				SDKROOT = iphoneos;
				SWIFT_ACTIVE_COMPILATION_CONDITIONS = DEBUG;
				SWIFT_OPTIMIZATION_LEVEL = "-Onone";
			};
			name = Debug;
		};
		06F4FEF12898886000AFC6B0 /* Release */ = {
			isa = XCBuildConfiguration;
			buildSettings = {
				ALWAYS_SEARCH_USER_PATHS = NO;
				CLANG_ANALYZER_NONNULL = YES;
				CLANG_ANALYZER_NUMBER_OBJECT_CONVERSION = YES_AGGRESSIVE;
				CLANG_CXX_LANGUAGE_STANDARD = "gnu++17";
				CLANG_ENABLE_MODULES = YES;
				CLANG_ENABLE_OBJC_ARC = YES;
				CLANG_ENABLE_OBJC_WEAK = YES;
				CLANG_WARN_BLOCK_CAPTURE_AUTORELEASING = YES;
				CLANG_WARN_BOOL_CONVERSION = YES;
				CLANG_WARN_COMMA = YES;
				CLANG_WARN_CONSTANT_CONVERSION = YES;
				CLANG_WARN_DEPRECATED_OBJC_IMPLEMENTATIONS = YES;
				CLANG_WARN_DIRECT_OBJC_ISA_USAGE = YES_ERROR;
				CLANG_WARN_DOCUMENTATION_COMMENTS = YES;
				CLANG_WARN_EMPTY_BODY = YES;
				CLANG_WARN_ENUM_CONVERSION = YES;
				CLANG_WARN_INFINITE_RECURSION = YES;
				CLANG_WARN_INT_CONVERSION = YES;
				CLANG_WARN_NON_LITERAL_NULL_CONVERSION = YES;
				CLANG_WARN_OBJC_IMPLICIT_RETAIN_SELF = YES;
				CLANG_WARN_OBJC_LITERAL_CONVERSION = YES;
				CLANG_WARN_OBJC_ROOT_CLASS = YES_ERROR;
				CLANG_WARN_QUOTED_INCLUDE_IN_FRAMEWORK_HEADER = YES;
				CLANG_WARN_RANGE_LOOP_ANALYSIS = YES;
				CLANG_WARN_STRICT_PROTOTYPES = YES;
				CLANG_WARN_SUSPICIOUS_MOVE = YES;
				CLANG_WARN_UNGUARDED_AVAILABILITY = YES_AGGRESSIVE;
				CLANG_WARN_UNREACHABLE_CODE = YES;
				CLANG_WARN__DUPLICATE_METHOD_MATCH = YES;
				COPY_PHASE_STRIP = NO;
				DEBUG_INFORMATION_FORMAT = "dwarf-with-dsym";
				ENABLE_NS_ASSERTIONS = NO;
				ENABLE_STRICT_OBJC_MSGSEND = YES;
				GCC_C_LANGUAGE_STANDARD = gnu11;
				GCC_NO_COMMON_BLOCKS = YES;
				GCC_WARN_64_TO_32_BIT_CONVERSION = YES;
				GCC_WARN_ABOUT_RETURN_TYPE = YES_ERROR;
				GCC_WARN_UNDECLARED_SELECTOR = YES;
				GCC_WARN_UNINITIALIZED_AUTOS = YES_AGGRESSIVE;
				GCC_WARN_UNUSED_FUNCTION = YES;
				GCC_WARN_UNUSED_VARIABLE = YES;
				IPHONEOS_DEPLOYMENT_TARGET = 15.5;
				MTL_ENABLE_DEBUG_INFO = NO;
				MTL_FAST_MATH = YES;
				SDKROOT = iphoneos;
				SWIFT_COMPILATION_MODE = wholemodule;
				SWIFT_OPTIMIZATION_LEVEL = "-O";
				VALIDATE_PRODUCT = YES;
			};
			name = Release;
		};
		06F4FEF32898886000AFC6B0 /* Debug */ = {
			isa = XCBuildConfiguration;
			buildSettings = {
				ASSETCATALOG_COMPILER_APPICON_NAME = AppIcon;
				ASSETCATALOG_COMPILER_GLOBAL_ACCENT_COLOR_NAME = AccentColor;
				CODE_SIGN_STYLE = Automatic;
				CURRENT_PROJECT_VERSION = 1;
				DEVELOPMENT_ASSET_PATHS = "\"recipe-list/Preview Content\"";
				ENABLE_PREVIEWS = YES;
				GENERATE_INFOPLIST_FILE = YES;
				INFOPLIST_KEY_UIApplicationSceneManifest_Generation = YES;
				INFOPLIST_KEY_UIApplicationSupportsIndirectInputEvents = YES;
				INFOPLIST_KEY_UILaunchScreen_Generation = YES;
				INFOPLIST_KEY_UISupportedInterfaceOrientations_iPad = "UIInterfaceOrientationPortrait UIInterfaceOrientationPortraitUpsideDown UIInterfaceOrientationLandscapeLeft UIInterfaceOrientationLandscapeRight";
				INFOPLIST_KEY_UISupportedInterfaceOrientations_iPhone = "UIInterfaceOrientationPortrait UIInterfaceOrientationLandscapeLeft UIInterfaceOrientationLandscapeRight";
				LD_RUNPATH_SEARCH_PATHS = (
					"$(inherited)",
					"@executable_path/Frameworks",
				);
				MARKETING_VERSION = 1.0;
				PRODUCT_BUNDLE_IDENTIFIER = "Logan-Kells.recipe-list";
				PRODUCT_NAME = "$(TARGET_NAME)";
				SWIFT_EMIT_LOC_STRINGS = YES;
				SWIFT_VERSION = 5.0;
				TARGETED_DEVICE_FAMILY = "1,2";
			};
			name = Debug;
		};
		06F4FEF42898886000AFC6B0 /* Release */ = {
			isa = XCBuildConfiguration;
			buildSettings = {
				ASSETCATALOG_COMPILER_APPICON_NAME = AppIcon;
				ASSETCATALOG_COMPILER_GLOBAL_ACCENT_COLOR_NAME = AccentColor;
				CODE_SIGN_STYLE = Automatic;
				CURRENT_PROJECT_VERSION = 1;
				DEVELOPMENT_ASSET_PATHS = "\"recipe-list/Preview Content\"";
				ENABLE_PREVIEWS = YES;
				GENERATE_INFOPLIST_FILE = YES;
				INFOPLIST_KEY_UIApplicationSceneManifest_Generation = YES;
				INFOPLIST_KEY_UIApplicationSupportsIndirectInputEvents = YES;
				INFOPLIST_KEY_UILaunchScreen_Generation = YES;
				INFOPLIST_KEY_UISupportedInterfaceOrientations_iPad = "UIInterfaceOrientationPortrait UIInterfaceOrientationPortraitUpsideDown UIInterfaceOrientationLandscapeLeft UIInterfaceOrientationLandscapeRight";
				INFOPLIST_KEY_UISupportedInterfaceOrientations_iPhone = "UIInterfaceOrientationPortrait UIInterfaceOrientationLandscapeLeft UIInterfaceOrientationLandscapeRight";
				LD_RUNPATH_SEARCH_PATHS = (
					"$(inherited)",
					"@executable_path/Frameworks",
				);
				MARKETING_VERSION = 1.0;
				PRODUCT_BUNDLE_IDENTIFIER = "Logan-Kells.recipe-list";
				PRODUCT_NAME = "$(TARGET_NAME)";
				SWIFT_EMIT_LOC_STRINGS = YES;
				SWIFT_VERSION = 5.0;
				TARGETED_DEVICE_FAMILY = "1,2";
			};
			name = Release;
		};
/* End XCBuildConfiguration section */

/* Begin XCConfigurationList section */
		06F4FEDF2898885F00AFC6B0 /* Build configuration list for PBXProject "recipe-list" */ = {
			isa = XCConfigurationList;
			buildConfigurations = (
				06F4FEF02898886000AFC6B0 /* Debug */,
				06F4FEF12898886000AFC6B0 /* Release */,
			);
			defaultConfigurationIsVisible = 0;
			defaultConfigurationName = Release;
		};
		06F4FEF22898886000AFC6B0 /* Build configuration list for PBXNativeTarget "recipe-list" */ = {
			isa = XCConfigurationList;
			buildConfigurations = (
				06F4FEF32898886000AFC6B0 /* Debug */,
				06F4FEF42898886000AFC6B0 /* Release */,
			);
			defaultConfigurationIsVisible = 0;
			defaultConfigurationName = Release;
		};
/* End XCConfigurationList section */
	};
	rootObject = 06F4FEDC2898885F00AFC6B0 /* Project object */;
}
